# THIS IS AN AUTOGENERATED FILE. DO NOT EDIT THIS FILE DIRECTLY.
# yarn lockfile v1


axios@^0.26.1:
  version "0.26.1"
  resolved "https://registry.npmjs.org/axios/-/axios-0.26.1.tgz"
  integrity sha512-fPwcX4EvnSHuInCMItEhAGnaSEXRBjtzh9fOtsE6E1G6p7vl7edEeZe11QHf18+6+9gR5PbKV/sGKNaD8YaMeA==
  dependencies:
    follow-redirects "^1.14.8"

follow-redirects@^1.14.8:
  version "1.14.9"
  resolved "https://registry.npmjs.org/follow-redirects/-/follow-redirects-1.14.9.tgz"
  integrity sha512-MQDfihBQYMcyy5dhRDJUHcw7lb2Pv/TuE6xP1vyraLukNDHKbDxDNaOE3NbCAdKQApno+GPRyo1YAp89yCjK4w==

lodash@^4.17.21:
  version "4.17.21"
  resolved "https://registry.npmjs.org/lodash/-/lodash-4.17.21.tgz"
  integrity sha512-v2kDEe57lecTulaDIuNTPy3Ry4gLGJ6Z1O3vE1krgXZNrsQ+LFTGHVxVjcXPs17LhbZVGedAJv8XZ1tvj5FvSg==

wink-helpers@^2.0.0:
  version "2.0.0"
  resolved "https://registry.yarnpkg.com/wink-helpers/-/wink-helpers-2.0.0.tgz#0aec1a2bddd0adcf9e6deb3bf7fa70c7e92dbe5c"
  integrity sha512-I/ZzXrHcNRXuoeFJmp2vMVqDI6UCK02Tds1WP4kSGAmx520gjL1BObVzF7d2ps24tyHIly9ngdB2jwhlFUjPvg==

wink-statistics@^2.1.1:
  version "2.1.1"
  resolved "https://registry.yarnpkg.com/wink-statistics/-/wink-statistics-2.1.1.tgz#2617329a7c6132fbf5b393629c1d0c1b1cec7ae4"
  integrity sha512-s7tRmhBSILTgPUO+kN9BGf3odUb9vyNlWW179iE0El0fKQZnS0iPGpvA5hHG6dzHF6U33iXOBRdbeGdjJ46dpw==
  dependencies:
    wink-helpers "^2.0.0"
